{
  "name": "stack",
  "version": "0.0.0",
  "lockfileVersion": 1,
  "requires": true,
  "dependencies": {
    "@angular/animations": {
      "version": "5.2.8",
      "resolved": "https://registry.npmjs.org/@angular/animations/-/animations-5.2.8.tgz",
      "integrity": "sha512-VfHN7ICR9QBaEbA02ip7ipNjD6m9ayfsliIE/ACkTVevObEdL90T3Q/NxiX+JRZSDL09M9XopIi1/WOeOn6Evw=="
    },
    "@angular/cli": {
      "version": "1.7.3",
      "resolved": "https://registry.npmjs.org/@angular/cli/-/cli-1.7.3.tgz",
      "integrity": "sha512-19sh0SbjneG7/R/FvZBfHsHqfIqyj4LQuXdddJKMCDM97UoHQTjfgrpRvBf3a3lR79wdLXchWJBD9Yc6ifosEA==",
      "dev": true,
      "dependencies": {
        "ansi-styles": {
          "version": "3.2.1",
          "resolved": "https://registry.npmjs.org/ansi-styles/-/ansi-styles-3.2.1.tgz",
          "integrity": "sha512-VT0ZI6kZRdTh8YyJw3SMbYm/u+NqfsAxEpWO0Pf9sq8/e94WxxOpPKx9FR1FlyCtOVDNOQ+8ntlqFxiRc+r5qA=="
        },
        "chalk": {
          "version": "2.2.2",
          "resolved": "https://registry.npmjs.org/chalk/-/chalk-2.2.2.tgz",
          "integrity": "sha512-LvixLAQ4MYhbf7hgL4o5PeK32gJKvVzDRiSNIApDofQvyhl8adgG2lJVXn4+ekQoK7HL9RF8lqxwerpe0x2pCw=="
        },
        "nopt": {
          "version": "4.0.1",
          "resolved": "https://registry.npmjs.org/nopt/-/nopt-4.0.1.tgz",
          "integrity": "sha1-0NRoWv1UFRk8jHUFYC0NF81kR00="
        },
        "supports-color": {
          "version": "4.5.0",
          "resolved": "https://registry.npmjs.org/supports-color/-/supports-color-4.5.0.tgz",
          "integrity": "sha1-vnoN5ITexcXN34s9WRJQRJEvY1s="
        }
      }
    },
    "@angular/common": {
      "version": "5.2.8",
      "resolved": "https://registry.npmjs.org/@angular/common/-/common-5.2.8.tgz",
      "integrity": "sha512-vHODEZPDtBU5b7a2GjtQYPYmCPRq5FQsJp696pebGMJEZdvN/Du43z8V7lWEdBBLGD+oNXX6rXGD9Pr4P/Bg9w=="
    },
    "@angular/compiler": {
      "version": "5.2.8",
      "resolved": "https://registry.npmjs.org/@angular/compiler/-/compiler-5.2.8.tgz",
      "integrity": "sha512-xFqY7LDt/LGo6zaYzUwDRGq6Dm2Q9Z2R86ZNdy5wYRzMP+qLnwwENbU74YailKlt02WNtp83R1fdRDDlKI8N+Q=="
    },
    "@angular/compiler-cli": {
      "version": "5.2.8",
      "resolved": "https://registry.npmjs.org/@angular/compiler-cli/-/compiler-cli-5.2.8.tgz",
      "integrity": "sha512-u0cUfpbU2VNmRfkSS/tlsAzF24/LdlXqv8RFFLReJhwZTv4mKl1DzSjvOf6kfALGHDqCdHsVWcx2YJ8f6CeCMg==",
      "dev": true
    },
    "@angular/core": {
      "version": "5.2.8",
      "resolved": "https://registry.npmjs.org/@angular/core/-/core-5.2.8.tgz",
      "integrity": "sha512-exvh2OY+WDm90bgzZ89Asi2nZc2zrg/OWJuKMbxNfA6nxnyjCQ7uGRjTGr+MOynG+vd54J2Evtg2eDPdbcNg5A=="
    },
    "@angular/forms": {
      "version": "5.2.8",
      "resolved": "https://registry.npmjs.org/@angular/forms/-/forms-5.2.8.tgz",
      "integrity": "sha512-yxpFwZcek7259O1+4p1Zfd8FOEJs8lh6T8n2W7IBT8Q1pcAMBCYfMi/Xga69AbypFIy3P+V6DaJoq8ZZgpwefg=="
    },
    "@angular/http": {
      "version": "5.2.8",
      "resolved": "https://registry.npmjs.org/@angular/http/-/http-5.2.8.tgz",
      "integrity": "sha512-vtrO7RLN9v7adVrs/neWStmrCH6+4gm1gYqUYfl6BIYnazACMleqIeAagTbTD08oMblx2dU17NRNbD+2qL8q5A=="
    },
    "@angular/language-service": {
      "version": "5.2.8",
      "resolved": "https://registry.npmjs.org/@angular/language-service/-/language-service-5.2.8.tgz",
      "integrity": "sha512-MEEi1jB7oJgJxHmSDkwlu4Fm1bSU5TpkE3ideqO8ollxPbMgNOYNwH/9Gm634qPD+rvQaeXywKLQ0i+LQQlYiA==",
      "dev": true
    },
    "@angular/platform-browser": {
      "version": "5.2.8",
      "resolved": "https://registry.npmjs.org/@angular/platform-browser/-/platform-browser-5.2.8.tgz",
      "integrity": "sha512-f0tONG8+ZQOiv5/hLY76Sl1/BY6AR8Zt4buf2klz7zba5SxKLZwcsk6OfJC2PA0WtlJGiz7cSjbPr0B5sZKv8w=="
    },
    "@angular/platform-browser-dynamic": {
      "version": "5.2.8",
      "resolved": "https://registry.npmjs.org/@angular/platform-browser-dynamic/-/platform-browser-dynamic-5.2.8.tgz",
      "integrity": "sha512-FzHVZf5XMty0v+hnWOU5PsXexlebvW4+EhfGG85vWCM/M9y0bF3ZSmdqZoXfGO8/Px2JbcBx0r3+GKUgsCieMA=="
    },
    "@angular/platform-server": {
      "version": "5.2.8",
      "resolved": "https://registry.npmjs.org/@angular/platform-server/-/platform-server-5.2.8.tgz",
      "integrity": "sha512-yyJbIhgN+bV9XTM2Rb66kwwc1ac8/9lm80SlQxqU7lmiR5VOuSVvygMTdofW2WnI5NSNNYJfzAfgGF0qSJEtcA=="
    },
    "@angular/router": {
      "version": "5.2.8",
      "resolved": "https://registry.npmjs.org/@angular/router/-/router-5.2.8.tgz",
      "integrity": "sha512-v4k1eUpauO8z/q9kcjr+vDhLvvGw5MzctJJQRoObqLhckFGBmAoITfEFsbF1ejsd/nqa9i+ivxe+LB00evbFXw=="
    },
    "@ng-bootstrap/ng-bootstrap": {
      "version": "1.0.1",
      "resolved": "https://registry.npmjs.org/@ng-bootstrap/ng-bootstrap/-/ng-bootstrap-1.0.1.tgz",
      "integrity": "sha1-ZdE/stoC9FC7XtwCVlmfKEHl6Rg="
    },
    "@types/jasmine": {
      "version": "2.8.6",
      "resolved": "https://registry.npmjs.org/@types/jasmine/-/jasmine-2.8.6.tgz",
      "integrity": "sha512-clg9raJTY0EOo5pVZKX3ZlMjlYzVU73L71q5OV1jhE2Uezb7oF94jh4CvwrW6wInquQAdhOxJz5VDF2TLUGmmA==",
      "dev": true
    },
    "@types/jquery": {
      "version": "3.3.1",
      "resolved": "https://registry.npmjs.org/@types/jquery/-/jquery-3.3.1.tgz",
      "integrity": "sha512-N3h+rzN518yl2xKrW0o6KKdNmWZ+OwG6SoM5TBEQFF0tTv5wXPEsoOuYQ2Kt3/89XbcSZUJLdjiT/2c3BR/ApQ=="
    },
    "@types/node": {
      "version": "9.4.7",
      "resolved": "https://registry.npmjs.org/@types/node/-/node-9.4.7.tgz",
      "integrity": "sha512-4Ba90mWNx8ddbafuyGGwjkZMigi+AWfYLSDCpovwsE63ia8w93r3oJ8PIAQc3y8U+XHcnMOHPIzNe3o438Ywcw==",
      "dev": true
    },
    "bourbon": {
      "version": "5.0.0",
      "resolved": "https://registry.npmjs.org/bourbon/-/bourbon-5.0.0.tgz",
      "integrity": "sha512-1BOgwfr0dvAqdL3mj0HZbuYJjt/Ilz6fLhSz55kIo9zYTYsQDg4AzrpwepWJoVLY3tKKYV5Z/0dKHEUz3ecXAg=="
    },
    "classlist.js": {
      "version": "1.1.20150312",
      "resolved": "https://registry.npmjs.org/classlist.js/-/classlist.js-1.1.20150312.tgz",
      "integrity": "sha1-HXCEL3Ai8I2awIbOaeWyUPLFd4k="
    },
    "codelyzer": {
      "version": "4.2.1",
      "resolved": "https://registry.npmjs.org/codelyzer/-/codelyzer-4.2.1.tgz",
      "integrity": "sha512-CKwfgpfkqi9dyzy4s6ELaxJ54QgJ6A8iTSsM4bzHbLuTpbKncvNc3DUlCvpnkHBhK47gEf4qFsWoYqLrJPhy6g==",
      "dev": true,
      "dependencies": {
        "source-map": {
          "version": "0.5.7",
          "resolved": "https://registry.npmjs.org/source-map/-/source-map-0.5.7.tgz",
          "integrity": "sha1-igOdLRAh0i0eoUyA2OpGi6LvP8w="
        }
      }
    },
    "core-js": {
      "version": "2.5.3",
      "resolved": "https://registry.npmjs.org/core-js/-/core-js-2.5.3.tgz",
      "integrity": "sha1-isw4NFgk8W2DZbfJtCWRaOjtYD4="
    },
    "intl": {
      "version": "1.2.5",
      "resolved": "https://registry.npmjs.org/intl/-/intl-1.2.5.tgz",
      "integrity": "sha1-giRKIZDE5Bn4Nx9ao02qNCDiq94="
    },
    "jasmine-core": {
      "version": "3.1.0",
      "resolved": "https://registry.npmjs.org/jasmine-core/-/jasmine-core-3.1.0.tgz",
      "integrity": "sha1-pHheE11d9lAk38kiSVPfWFvSdmw=",
      "dev": true
    },
    "jasmine-spec-reporter": {
      "version": "4.2.1",
      "resolved": "https://registry.npmjs.org/jasmine-spec-reporter/-/jasmine-spec-reporter-4.2.1.tgz",
      "integrity": "sha512-FZBoZu7VE5nR7Nilzy+Np8KuVIOxF4oXDPDknehCYBDE080EnlPu0afdZNmpGDBRCUBv3mj5qgqCRmk6W/K8vg==",
      "dev": true
    },
    "jquery": {
      "version": "3.3.1",
      "resolved": "https://registry.npmjs.org/jquery/-/jquery-3.3.1.tgz",
      "integrity": "sha512-Ubldcmxp5np52/ENotGxlLe6aGMvmF4R8S6tZjsP6Knsaxd/xp3Zrh50cG93lR6nPXyUFwzN3ZSOQI0wRJNdGg=="
    },
    "karma": {
      "version": "2.0.0",
      "resolved": "https://registry.npmjs.org/karma/-/karma-2.0.0.tgz",
      "integrity": "sha512-K9Kjp8CldLyL9ANSUctDyxC7zH3hpqXj/K09qVf06K3T/kXaHtFZ5tQciK7OzQu68FLvI89Na510kqQ2LCbpIw==",
      "dev": true,
      "dependencies": {
        "source-map": {
          "version": "0.6.1",
          "resolved": "https://registry.npmjs.org/source-map/-/source-map-0.6.1.tgz",
          "integrity": "sha512-UjgapumWlbMhkBgzT7Ykc5YXUT46F0iKu8SGXq0bcwP5dz/h0Plj6enJqjz1Zbq2l5WaqYnrVbwWOWMyF3F47g=="
        }
      }
    },
    "karma-chrome-launcher": {
      "version": "2.2.0",
      "resolved": "https://registry.npmjs.org/karma-chrome-launcher/-/karma-chrome-launcher-2.2.0.tgz",
      "integrity": "sha512-uf/ZVpAabDBPvdPdveyk1EPgbnloPvFFGgmRhYLTDH7gEB4nZdSBk8yTU47w1g/drLSx5uMOkjKk7IWKfWg/+w==",
      "dev": true
    },
    "karma-cli": {
      "version": "1.0.1",
      "resolved": "https://registry.npmjs.org/karma-cli/-/karma-cli-1.0.1.tgz",
      "integrity": "sha1-rmw8WKMTodALRRZMRVubhs4X+WA=",
      "dev": true
    },
    "karma-coverage-istanbul-reporter": {
      "version": "1.4.2",
      "resolved": "https://registry.npmjs.org/karma-coverage-istanbul-reporter/-/karma-coverage-istanbul-reporter-1.4.2.tgz",
      "integrity": "sha512-sQHexslLF+QHzaKfK8+onTYMyvSwv+p5cDayVxhpEELGa3z0QuB+l0IMsicIkkBNMOJKQaqueiRoW7iuo7lsog==",
      "dev": true
    },
    "karma-jasmine": {
      "version": "1.1.1",
      "resolved": "https://registry.npmjs.org/karma-jasmine/-/karma-jasmine-1.1.1.tgz",
      "integrity": "sha1-b+hA51oRYAydkehLM8RY4cRqNSk=",
      "dev": true
    },
    "karma-jasmine-html-reporter": {
      "version": "0.2.2",
      "resolved": "https://registry.npmjs.org/karma-jasmine-html-reporter/-/karma-jasmine-html-reporter-0.2.2.tgz",
      "integrity": "sha1-SKjl7xiAdhfuK14zwRlMNbQ5Ukw=",
      "dev": true
    },
    "node-sass": {
      "version": "4.8.1",
      "resolved": "https://registry.npmjs.org/node-sass/-/node-sass-4.8.1.tgz",
      "integrity": "sha512-3fUkFCkgOPUD7YjFiRDO/oAcyjlT8HeN4u1CacfMKVjZTsDXvAjk0CdmjZIJ1MYvGuHJpye00wbIkecsmux2kA=="
    },
    "protractor": {
      "version": "5.3.0",
      "resolved": "https://registry.npmjs.org/protractor/-/protractor-5.3.0.tgz",
      "integrity": "sha512-8z1TWtc/I9Kn4fkfg87DhkSAi0arul7DHBEeJ70sy66teQAeffjQED1s0Gduigme7hxHRYdYEKbhHYz28fpv5w==",
      "dev": true,
      "dependencies": {
        "@types/node": {
          "version": "6.0.102",
          "resolved": "https://registry.npmjs.org/@types/node/-/node-6.0.102.tgz",
          "integrity": "sha512-EhNufyBoC1Kqaj+XMHGzi6mPUC8wVABOMTPE5XaSJc49LIVvXsyrV1HYMAPTUViT7E4wLUB38OdDmb+HshjGmA=="
        },
        "adm-zip": {
          "version": "0.4.7",
          "resolved": "https://registry.npmjs.org/adm-zip/-/adm-zip-0.4.7.tgz",
          "integrity": "sha1-hgbCy/HEJs6MjsABdER/1Jtur8E="
        },
        "del": {
          "version": "2.2.2",
          "resolved": "https://registry.npmjs.org/del/-/del-2.2.2.tgz",
          "integrity": "sha1-wSyYHQZ4RshLyvhiz/kw2Qf/0ag="
        },
        "globby": {
          "version": "5.0.0",
          "resolved": "https://registry.npmjs.org/globby/-/globby-5.0.0.tgz",
          "integrity": "sha1-69hGZ8oNuzMLmbz8aOrCvFQ3Dg0="
        },
        "webdriver-manager": {
          "version": "12.0.6",
          "resolved": "https://registry.npmjs.org/webdriver-manager/-/webdriver-manager-12.0.6.tgz",
          "integrity": "sha1-PfGkgZdwELTL+MnYXHpXeCjA5ws="
        }
      }
    },
    "resize-observer-polyfill": {
      "version": "1.5.0",
      "resolved": "https://registry.npmjs.org/resize-observer-polyfill/-/resize-observer-polyfill-1.5.0.tgz",
      "integrity": "sha512-M2AelyJDVR/oLnToJLtuDJRBBWUGUvvGigj1411hXhAdyFWqMaqHp7TixW3FpiLuVaikIcR1QL+zqoJoZlOgpg=="
    },
    "rxjs": {
      "version": "5.5.7",
      "resolved": "https://registry.npmjs.org/rxjs/-/rxjs-5.5.7.tgz",
      "integrity": "sha512-Hxo2ac8gRQjwjtKgukMIwBRbq5+KAeEV5hXM4obYBOAghev41bDQWgFH4svYiU9UnQ5kNww2LgfyBdevCd2HXA=="
    },
    "screenfull": {
      "version": "3.3.2",
      "resolved": "https://registry.npmjs.org/screenfull/-/screenfull-3.3.2.tgz",
      "integrity": "sha512-zrnT8EidEWGFkmXEa1d/YUYNvvJaMX05g4O82K+Oiy9jR6Fh3ZTsovsccJOjRJyhS0KPV7AQpDFQRAYXBl9a5A=="
    },
    "ts-node": {
      "version": "5.0.1",
      "resolved": "https://registry.npmjs.org/ts-node/-/ts-node-5.0.1.tgz",
      "integrity": "sha512-XK7QmDcNHVmZkVtkiwNDWiERRHPyU8nBqZB1+iv2UhOG0q3RQ9HsZ2CMqISlFbxjrYFGfG2mX7bW4dAyxBVzUw==",
      "dev": true,
      "dependencies": {
        "ansi-styles": {
          "version": "3.2.1",
          "resolved": "https://registry.npmjs.org/ansi-styles/-/ansi-styles-3.2.1.tgz",
          "integrity": "sha512-VT0ZI6kZRdTh8YyJw3SMbYm/u+NqfsAxEpWO0Pf9sq8/e94WxxOpPKx9FR1FlyCtOVDNOQ+8ntlqFxiRc+r5qA=="
        },
        "chalk": {
          "version": "2.3.2",
          "resolved": "https://registry.npmjs.org/chalk/-/chalk-2.3.2.tgz",
          "integrity": "sha512-ZM4j2/ld/YZDc3Ma8PgN7gyAk+kHMMMyzLNryCPGhWrsfAuDVeuid5bpRFTDgMH9JBK2lA4dyyAkkZYF/WcqDQ=="
        },
        "has-flag": {
          "version": "3.0.0",
          "resolved": "https://registry.npmjs.org/has-flag/-/has-flag-3.0.0.tgz",
          "integrity": "sha1-tdRU3CGZriJWmfNGfloH87lVuv0="
        },
        "source-map": {
          "version": "0.6.1",
          "resolved": "https://registry.npmjs.org/source-map/-/source-map-0.6.1.tgz",
          "integrity": "sha512-UjgapumWlbMhkBgzT7Ykc5YXUT46F0iKu8SGXq0bcwP5dz/h0Plj6enJqjz1Zbq2l5WaqYnrVbwWOWMyF3F47g=="
        },
        "source-map-support": {
          "version": "0.5.3",
          "resolved": "https://registry.npmjs.org/source-map-support/-/source-map-support-0.5.3.tgz",
          "integrity": "sha512-eKkTgWYeBOQqFGXRfKabMFdnWepo51vWqEdoeikaEPFiJC7MCU5j2h4+6Q8npkZTeLGbSyecZvRxiSoWl3rh+w=="
        },
        "supports-color": {
          "version": "5.3.0",
          "resolved": "https://registry.npmjs.org/supports-color/-/supports-color-5.3.0.tgz",
          "integrity": "sha512-0aP01LLIskjKs3lq52EC0aGBAJhLq7B2Rd8HC/DR/PtNNpcLilNmHC12O+hu0usQpo7wtHNRqtrhBwtDb0+dNg=="
        }
      }
    },
    "tslint": {
      "version": "5.9.1",
      "resolved": "https://registry.npmjs.org/tslint/-/tslint-5.9.1.tgz",
      "integrity": "sha1-ElX4ej/1frCw4fDmEKi0dIBGya4=",
      "dev": true,
      "dependencies": {
        "ansi-styles": {
          "version": "3.2.1",
          "resolved": "https://registry.npmjs.org/ansi-styles/-/ansi-styles-3.2.1.tgz",
          "integrity": "sha512-VT0ZI6kZRdTh8YyJw3SMbYm/u+NqfsAxEpWO0Pf9sq8/e94WxxOpPKx9FR1FlyCtOVDNOQ+8ntlqFxiRc+r5qA=="
        },
        "chalk": {
          "version": "2.3.2",
          "resolved": "https://registry.npmjs.org/chalk/-/chalk-2.3.2.tgz",
          "integrity": "sha512-ZM4j2/ld/YZDc3Ma8PgN7gyAk+kHMMMyzLNryCPGhWrsfAuDVeuid5bpRFTDgMH9JBK2lA4dyyAkkZYF/WcqDQ=="
        },
        "has-flag": {
          "version": "3.0.0",
          "resolved": "https://registry.npmjs.org/has-flag/-/has-flag-3.0.0.tgz",
          "integrity": "sha1-tdRU3CGZriJWmfNGfloH87lVuv0="
        },
        "supports-color": {
          "version": "5.3.0",
          "resolved": "https://registry.npmjs.org/supports-color/-/supports-color-5.3.0.tgz",
          "integrity": "sha512-0aP01LLIskjKs3lq52EC0aGBAJhLq7B2Rd8HC/DR/PtNNpcLilNmHC12O+hu0usQpo7wtHNRqtrhBwtDb0+dNg=="
        }
      }
    },
    "typescript": {
      "version": "2.7.2",
      "resolved": "https://registry.npmjs.org/typescript/-/typescript-2.7.2.tgz",
      "integrity": "sha512-p5TCYZDAO0m4G344hD+wx/LATebLWZNkkh2asWUFqSsD2OrDNhbAHuSjobrmsUmdzjJjEeZVU9g1h3O6vpstnw==",
      "dev": true
    },
    "web-animations-js": {
      "version": "2.3.1",
      "resolved": "https://registry.npmjs.org/web-animations-js/-/web-animations-js-2.3.1.tgz",
      "integrity": "sha1-Om2bwVGWN3qQ+OKAP6UmIWWwRRA="
    },
    "zone.js": {
      "version": "0.8.20",
      "resolved": "https://registry.npmjs.org/zone.js/-/zone.js-0.8.20.tgz",
      "integrity": "sha512-FXlA37ErSXCMy5RNBcGFgCI/Zivqzr0D19GuvDxhcYIJc7xkFp6c29DKyODJu0Zo+EMyur/WPPgcBh1EHjB9jA=="
    }
  }
}
